{
  "object": {
    "pins": [
      {
        "package": "SwiftEval",
        "repositoryURL": "https://github.com/omochi/SwiftEval",
        "state": {
          "branch": "dev",
          "revision": "9fbc631eb4b66760d630aa0c40354efa48279409",
          "version": null
        }
      }
    ]
  },
  "version": 1
}
